
Microsoft Visual Studio Solution File, Format Version 12.00
# Visual Studio Version 17
VisualStudioVersion = 17.4.33213.308
MinimumVisualStudioVersion = 10.0.40219.1
Project("{FAE04EC0-301F-11D3-BF4B-00C04F79EFBC}") = "CampionatMondial2", "CampionatMondial2.csproj", "{B22485CB-E4ED-4A2F-98DA-D6DCA2FEE9DD}"
EndProject
Global
	GlobalSection(SolutionConfigurationPlatforms) = preSolution
		Debug|Any CPU = Debug|Any CPU
		Release|Any CPU = Release|Any CPU
	EndGlobalSection
	GlobalSection(ProjectConfigurationPlatforms) = postSolution
		{B22485CB-E4ED-4A2F-98DA-D6DCA2FEE9DD}.Debug|Any CPU.ActiveCfg = Debug|Any CPU
		{B22485CB-E4ED-4A2F-98DA-D6DCA2FEE9DD}.Debug|Any CPU.Build.0 = Debug|Any CPU
		{B22485CB-E4ED-4A2F-98DA-D6DCA2FEE9DD}.Release|Any CPU.ActiveCfg = Release|Any CPU
		{B22485CB-E4ED-4A2F-98DA-D6DCA2FEE9DD}.Release|Any CPU.Build.0 = Release|Any CPU
	EndGlobalSection
	GlobalSection(SolutionProperties) = preSolution
		HideSolutionNode = FALSE
	EndGlobalSection
	GlobalSection(ExtensibilityGlobals) = postSolution
		SolutionGuid = {6C4E728E-B203-446B-8D01-1C7F5A839563}
	EndGlobalSection
EndGlobal
